
Microsoft Visual Studio Solution File, Format Version 12.00
# Visual Studio Version 17
VisualStudioVersion = 17.13.35828.75 d17.13
MinimumVisualStudioVersion = 10.0.40219.1
Project("{FAE04EC0-301F-11D3-BF4B-00C04F79EFBC}") = "Sleep Number 2 B", "Sleep Number 2 B.csproj", "{04050D96-B212-493D-A6CF-404BE5CF5BE8}"
EndProject
Global
	GlobalSection(SolutionConfigurationPlatforms) = preSolution
		Debug|Any CPU = Debug|Any CPU
		Release|Any CPU = Release|Any CPU
	EndGlobalSection
	GlobalSection(ProjectConfigurationPlatforms) = postSolution
		{04050D96-B212-493D-A6CF-404BE5CF5BE8}.Debug|Any CPU.ActiveCfg = Debug|Any CPU
		{04050D96-B212-493D-A6CF-404BE5CF5BE8}.Debug|Any CPU.Build.0 = Debug|Any CPU
		{04050D96-B212-493D-A6CF-404BE5CF5BE8}.Release|Any CPU.ActiveCfg = Release|Any CPU
		{04050D96-B212-493D-A6CF-404BE5CF5BE8}.Release|Any CPU.Build.0 = Release|Any CPU
	EndGlobalSection
	GlobalSection(SolutionProperties) = preSolution
		HideSolutionNode = FALSE
	EndGlobalSection
	GlobalSection(ExtensibilityGlobals) = postSolution
		SolutionGuid = {9617FAE5-6E6C-4E13-8939-72C5432065C7}
	EndGlobalSection
EndGlobal
